{
  "name": "17-numstrings",
  "version": "1.0.0",
  "lockfileVersion": 3,
  "requires": true,
  "packages": {
    "": {
      "name": "17-numstrings",
      "version": "1.0.0",
      "license": "ISC",
      "dependencies": {
        "node-qa": "github:blister/node-qa"
      }
    },
    "node_modules/node-qa": {
      "version": "1.3.1",
      "resolved": "git+ssh://git@github.com/blister/node-qa.git#e8dbd0f432e5b5be66c4222332d21aee9dcf7c0d",
      "license": "MIT",
      "bin": {
        "node-qa": "bin/node-qa.js"
      }
    }
  }
}
